
Microsoft Visual Studio Solution File, Format Version 12.00
# Visual Studio Version 17
VisualStudioVersion = 17.2.32616.157
MinimumVisualStudioVersion = 10.0.40219.1
Project("{9A19103F-16F7-4668-BE54-9A1E7A4F7556}") = "resource_app", "resource_app.csproj", "{01B147D1-0876-4FB5-ACDA-433A048642EE}"
EndProject
Global
	GlobalSection(SolutionConfigurationPlatforms) = preSolution
		Debug|Any CPU = Debug|Any CPU
		Release|Any CPU = Release|Any CPU
	EndGlobalSection
	GlobalSection(ProjectConfigurationPlatforms) = postSolution
		{01B147D1-0876-4FB5-ACDA-433A048642EE}.Debug|Any CPU.ActiveCfg = Debug|Any CPU
		{01B147D1-0876-4FB5-ACDA-433A048642EE}.Debug|Any CPU.Build.0 = Debug|Any CPU
		{01B147D1-0876-4FB5-ACDA-433A048642EE}.Release|Any CPU.ActiveCfg = Release|Any CPU
		{01B147D1-0876-4FB5-ACDA-433A048642EE}.Release|Any CPU.Build.0 = Release|Any CPU
	EndGlobalSection
	GlobalSection(SolutionProperties) = preSolution
		HideSolutionNode = FALSE
	EndGlobalSection
	GlobalSection(ExtensibilityGlobals) = postSolution
		SolutionGuid = {7DF2189F-CB7B-4054-A50F-BC509E11EA57}
	EndGlobalSection
EndGlobal
